
Microsoft Visual Studio Solution File, Format Version 12.00
# Visual Studio Version 17
VisualStudioVersion = 17.3.32901.215
MinimumVisualStudioVersion = 10.0.40219.1
Project("{FAE04EC0-301F-11D3-BF4B-00C04F79EFBC}") = "WinformUI", "WinformUI\WinformUI.csproj", "{61F6D88E-5E21-4BF5-93B0-6D5876321E5F}"
EndProject
Global
	GlobalSection(SolutionConfigurationPlatforms) = preSolution
		Debug|Any CPU = Debug|Any CPU
		Release|Any CPU = Release|Any CPU
	EndGlobalSection
	GlobalSection(ProjectConfigurationPlatforms) = postSolution
		{61F6D88E-5E21-4BF5-93B0-6D5876321E5F}.Debug|Any CPU.ActiveCfg = Debug|Any CPU
		{61F6D88E-5E21-4BF5-93B0-6D5876321E5F}.Debug|Any CPU.Build.0 = Debug|Any CPU
		{61F6D88E-5E21-4BF5-93B0-6D5876321E5F}.Release|Any CPU.ActiveCfg = Release|Any CPU
		{61F6D88E-5E21-4BF5-93B0-6D5876321E5F}.Release|Any CPU.Build.0 = Release|Any CPU
	EndGlobalSection
	GlobalSection(SolutionProperties) = preSolution
		HideSolutionNode = FALSE
	EndGlobalSection
	GlobalSection(ExtensibilityGlobals) = postSolution
		SolutionGuid = {70758309-0687-40B4-BC1B-FE642C8C841E}
	EndGlobalSection
EndGlobal
