
Microsoft Visual Studio Solution File, Format Version 12.00
# Visual Studio Version 16
VisualStudioVersion = 16.0.32407.337
MinimumVisualStudioVersion = 10.0.40219.1
Project("{FAE04EC0-301F-11D3-BF4B-00C04F79EFBC}") = "WinformUI", "WinformUI\WinformUI.csproj", "{879E51FC-552B-4D82-AA92-70C0849401D4}"
EndProject
Global
	GlobalSection(SolutionConfigurationPlatforms) = preSolution
		Debug|Any CPU = Debug|Any CPU
		Release|Any CPU = Release|Any CPU
	EndGlobalSection
	GlobalSection(ProjectConfigurationPlatforms) = postSolution
		{879E51FC-552B-4D82-AA92-70C0849401D4}.Debug|Any CPU.ActiveCfg = Debug|Any CPU
		{879E51FC-552B-4D82-AA92-70C0849401D4}.Debug|Any CPU.Build.0 = Debug|Any CPU
		{879E51FC-552B-4D82-AA92-70C0849401D4}.Release|Any CPU.ActiveCfg = Release|Any CPU
		{879E51FC-552B-4D82-AA92-70C0849401D4}.Release|Any CPU.Build.0 = Release|Any CPU
	EndGlobalSection
	GlobalSection(SolutionProperties) = preSolution
		HideSolutionNode = FALSE
	EndGlobalSection
	GlobalSection(ExtensibilityGlobals) = postSolution
		SolutionGuid = {2FBC479C-EEF6-4DB4-A632-B06701290B11}
	EndGlobalSection
EndGlobal
